// !$*UTF8*$!
{
	archiveVersion = 1;
	classes = {
	};
	objectVersion = 77;
	objects = {

/* Begin PBXContainerItemProxy section */
		26E197622DA984ED0084DBCE /* PBXContainerItemProxy */ = {
			isa = PBXContainerItemProxy;
			containerPortal = 26E197492DA984EA0084DBCE /* Project object */;
			proxyType = 1;
			remoteGlobalIDString = 26E197502DA984EA0084DBCE;
			remoteInfo = FunctionalShopApp;
		};
		26E1976C2DA984ED0084DBCE /* PBXContainerItemProxy */ = {
			isa = PBXContainerItemProxy;
			containerPortal = 26E197492DA984EA0084DBCE /* Project object */;
			proxyType = 1;
			remoteGlobalIDString = 26E197502DA984EA0084DBCE;
			remoteInfo = FunctionalShopApp;
		};
/* End PBXContainerItemProxy section */

/* Begin PBXFileReference section */
		26E197512DA984EA0084DBCE /* FunctionalShopApp.app */ = {isa = PBXFileReference; explicitFileType = wrapper.application; includeInIndex = 0; path = FunctionalShopApp.app; sourceTree = BUILT_PRODUCTS_DIR; };
		26E197612DA984ED0084DBCE /* FunctionalShopAppTests.xctest */ = {isa = PBXFileReference; explicitFileType = wrapper.cfbundle; includeInIndex = 0; path = FunctionalShopAppTests.xctest; sourceTree = BUILT_PRODUCTS_DIR; };
		26E1976B2DA984ED0084DBCE /* FunctionalShopAppUITests.xctest */ = {isa = PBXFileReference; explicitFileType = wrapper.cfbundle; includeInIndex = 0; path = FunctionalShopAppUITests.xctest; sourceTree = BUILT_PRODUCTS_DIR; };
/* End PBXFileReference section */

/* Begin PBXFileSystemSynchronizedBuildFileExceptionSet section */
		26E197952DA9B89B0084DBCE /* Exceptions for "FunctionalShopApp" folder in "FunctionalShopApp" target */ = {
			isa = PBXFileSystemSynchronizedBuildFileExceptionSet;
			membershipExceptions = (
				Source/Common/Composable/Utils.swift,
			);
			target = 26E197502DA984EA0084DBCE /* FunctionalShopApp */;
		};
/* End PBXFileSystemSynchronizedBuildFileExceptionSet section */

/* Begin PBXFileSystemSynchronizedGroupBuildPhaseMembershipExceptionSet section */
		26E197962DA9B89B0084DBCE /* Exceptions for "FunctionalShopApp" folder in "Copy Bundle Resources" phase from "FunctionalShopApp" target */ = {
			isa = PBXFileSystemSynchronizedGroupBuildPhaseMembershipExceptionSet;
			buildPhase = 26E1974F2DA984EA0084DBCE /* Resources */;
			membershipExceptions = (
				Source/Common/Composable/Utils.swift,
			);
		};
/* End PBXFileSystemSynchronizedGroupBuildPhaseMembershipExceptionSet section */

/* Begin PBXFileSystemSynchronizedRootGroup section */
		26E197532DA984EA0084DBCE /* FunctionalShopApp */ = {
			isa = PBXFileSystemSynchronizedRootGroup;
			exceptions = (
				26E197952DA9B89B0084DBCE /* Exceptions for "FunctionalShopApp" folder in "FunctionalShopApp" target */,
				26E197962DA9B89B0084DBCE /* Exceptions for "FunctionalShopApp" folder in "Copy Bundle Resources" phase from "FunctionalShopApp" target */,
			);
			path = FunctionalShopApp;
			sourceTree = "<group>";
		};
		26E197642DA984ED0084DBCE /* FunctionalShopAppTests */ = {
			isa = PBXFileSystemSynchronizedRootGroup;
			path = FunctionalShopAppTests;
			sourceTree = "<group>";
		};
		26E1976E2DA984ED0084DBCE /* FunctionalShopAppUITests */ = {
			isa = PBXFileSystemSynchronizedRootGroup;
			path = FunctionalShopAppUITests;
			sourceTree = "<group>";
		};
/* End PBXFileSystemSynchronizedRootGroup section */

/* Begin PBXFrameworksBuildPhase section */
		26E1974E2DA984EA0084DBCE /* Frameworks */ = {
			isa = PBXFrameworksBuildPhase;
			buildActionMask = 2147483647;
			files = (
			);
			runOnlyForDeploymentPostprocessing = 0;
		};
		26E1975E2DA984ED0084DBCE /* Frameworks */ = {
			isa = PBXFrameworksBuildPhase;
			buildActionMask = 2147483647;
			files = (
			);
			runOnlyForDeploymentPostprocessing = 0;
		};
		26E197682DA984ED0084DBCE /* Frameworks */ = {
			isa = PBXFrameworksBuildPhase;
			buildActionMask = 2147483647;
			files = (
			);
			runOnlyForDeploymentPostprocessing = 0;
		};
/* End PBXFrameworksBuildPhase section */

/* Begin PBXGroup section */
		26E197482DA984EA0084DBCE = {
			isa = PBXGroup;
			children = (
				26E197532DA984EA0084DBCE /* FunctionalShopApp */,
				26E197642DA984ED0084DBCE /* FunctionalShopAppTests */,
				26E1976E2DA984ED0084DBCE /* FunctionalShopAppUITests */,
				26E197522DA984EA0084DBCE /* Products */,
			);
			sourceTree = "<group>";
		};
		26E197522DA984EA0084DBCE /* Products */ = {
			isa = PBXGroup;
			children = (
				26E197512DA984EA0084DBCE /* FunctionalShopApp.app */,
				26E197612DA984ED0084DBCE /* FunctionalShopAppTests.xctest */,
				26E1976B2DA984ED0084DBCE /* FunctionalShopAppUITests.xctest */,
			);
			name = Products;
			sourceTree = "<group>";
		};
/* End PBXGroup section */

/* Begin PBXNativeTarget section */
		26E197502DA984EA0084DBCE /* FunctionalShopApp */ = {
			isa = PBXNativeTarget;
			buildConfigurationList = 26E197752DA984ED0084DBCE /* Build configuration list for PBXNativeTarget "FunctionalShopApp" */;
			buildPhases = (
				26E1974D2DA984EA0084DBCE /* Sources */,
				26E1974E2DA984EA0084DBCE /* Frameworks */,
				26E1974F2DA984EA0084DBCE /* Resources */,
			);
			buildRules = (
			);
			dependencies = (
			);
			fileSystemSynchronizedGroups = (
				26E197532DA984EA0084DBCE /* FunctionalShopApp */,
			);
			name = FunctionalShopApp;
			packageProductDependencies = (
			);
			productName = FunctionalShopApp;
			productReference = 26E197512DA984EA0084DBCE /* FunctionalShopApp.app */;
			productType = "com.apple.product-type.application";
		};
		26E197602DA984ED0084DBCE /* FunctionalShopAppTests */ = {
			isa = PBXNativeTarget;
			buildConfigurationList = 26E197782DA984ED0084DBCE /* Build configuration list for PBXNativeTarget "FunctionalShopAppTests" */;
			buildPhases = (
				26E1975D2DA984ED0084DBCE /* Sources */,
				26E1975E2DA984ED0084DBCE /* Frameworks */,
				26E1975F2DA984ED0084DBCE /* Resources */,
			);
			buildRules = (
			);
			dependencies = (
				26E197632DA984ED0084DBCE /* PBXTargetDependency */,
			);
			fileSystemSynchronizedGroups = (
				26E197642DA984ED0084DBCE /* FunctionalShopAppTests */,
			);
			name = FunctionalShopAppTests;
			packageProductDependencies = (
			);
			productName = FunctionalShopAppTests;
			productReference = 26E197612DA984ED0084DBCE /* FunctionalShopAppTests.xctest */;
			productType = "com.apple.product-type.bundle.unit-test";
		};
		26E1976A2DA984ED0084DBCE /* FunctionalShopAppUITests */ = {
			isa = PBXNativeTarget;
			buildConfigurationList = 26E1977B2DA984ED0084DBCE /* Build configuration list for PBXNativeTarget "FunctionalShopAppUITests" */;
			buildPhases = (
				26E197672DA984ED0084DBCE /* Sources */,
				26E197682DA984ED0084DBCE /* Frameworks */,
				26E197692DA984ED0084DBCE /* Resources */,
			);
			buildRules = (
			);
			dependencies = (
				26E1976D2DA984ED0084DBCE /* PBXTargetDependency */,
			);
			fileSystemSynchronizedGroups = (
				26E1976E2DA984ED0084DBCE /* FunctionalShopAppUITests */,
			);
			name = FunctionalShopAppUITests;
			packageProductDependencies = (
			);
			productName = FunctionalShopAppUITests;
			productReference = 26E1976B2DA984ED0084DBCE /* FunctionalShopAppUITests.xctest */;
			productType = "com.apple.product-type.bundle.ui-testing";
		};
/* End PBXNativeTarget section */

/* Begin PBXProject section */
		26E197492DA984EA0084DBCE /* Project object */ = {
			isa = PBXProject;
			attributes = {
				BuildIndependentTargetsInParallel = 1;
				LastSwiftUpdateCheck = 1620;
				LastUpgradeCheck = 1620;
				TargetAttributes = {
					26E197502DA984EA0084DBCE = {
						CreatedOnToolsVersion = 16.2;
					};
					26E197602DA984ED0084DBCE = {
						CreatedOnToolsVersion = 16.2;
						TestTargetID = 26E197502DA984EA0084DBCE;
					};
					26E1976A2DA984ED0084DBCE = {
						CreatedOnToolsVersion = 16.2;
						TestTargetID = 26E197502DA984EA0084DBCE;
					};
				};
			};
			buildConfigurationList = 26E1974C2DA984EA0084DBCE /* Build configuration list for PBXProject "FunctionalShopApp" */;
			developmentRegion = en;
			hasScannedForEncodings = 0;
			knownRegions = (
				en,
				Base,
			);
			mainGroup = 26E197482DA984EA0084DBCE;
			minimizedProjectReferenceProxies = 1;
			preferredProjectObjectVersion = 77;
			productRefGroup = 26E197522DA984EA0084DBCE /* Products */;
			projectDirPath = "";
			projectRoot = "";
			targets = (
				26E197502DA984EA0084DBCE /* FunctionalShopApp */,
				26E197602DA984ED0084DBCE /* FunctionalShopAppTests */,
				26E1976A2DA984ED0084DBCE /* FunctionalShopAppUITests */,
			);
		};
/* End PBXProject section */

/* Begin PBXResourcesBuildPhase section */
		26E1974F2DA984EA0084DBCE /* Resources */ = {
			isa = PBXResourcesBuildPhase;
			buildActionMask = 2147483647;
			files = (
			);
			runOnlyForDeploymentPostprocessing = 0;
		};
		26E1975F2DA984ED0084DBCE /* Resources */ = {
			isa = PBXResourcesBuildPhase;
			buildActionMask = 2147483647;
			files = (
			);
			runOnlyForDeploymentPostprocessing = 0;
		};
		26E197692DA984ED0084DBCE /* Resources */ = {
			isa = PBXResourcesBuildPhase;
			buildActionMask = 2147483647;
			files = (
			);
			runOnlyForDeploymentPostprocessing = 0;
		};
/* End PBXResourcesBuildPhase section */

/* Begin PBXSourcesBuildPhase section */
		26E1974D2DA984EA0084DBCE /* Sources */ = {
			isa = PBXSourcesBuildPhase;
			buildActionMask = 2147483647;
			files = (
			);
			runOnlyForDeploymentPostprocessing = 0;
		};
		26E1975D2DA984ED0084DBCE /* Sources */ = {
			isa = PBXSourcesBuildPhase;
			buildActionMask = 2147483647;
			files = (
			);
			runOnlyForDeploymentPostprocessing = 0;
		};
		26E197672DA984ED0084DBCE /* Sources */ = {
			isa = PBXSourcesBuildPhase;
			buildActionMask = 2147483647;
			files = (
			);
			runOnlyForDeploymentPostprocessing = 0;
		};
/* End PBXSourcesBuildPhase section */

/* Begin PBXTargetDependency section */
		26E197632DA984ED0084DBCE /* PBXTargetDependency */ = {
			isa = PBXTargetDependency;
			target = 26E197502DA984EA0084DBCE /* FunctionalShopApp */;
			targetProxy = 26E197622DA984ED0084DBCE /* PBXContainerItemProxy */;
		};
		26E1976D2DA984ED0084DBCE /* PBXTargetDependency */ = {
			isa = PBXTargetDependency;
			target = 26E197502DA984EA0084DBCE /* FunctionalShopApp */;
			targetProxy = 26E1976C2DA984ED0084DBCE /* PBXContainerItemProxy */;
		};
/* End PBXTargetDependency section */

/* Begin XCBuildConfiguration section */
		26E197732DA984ED0084DBCE /* Debug */ = {
			isa = XCBuildConfiguration;
			buildSettings = {
				ALWAYS_SEARCH_USER_PATHS = NO;
				ASSETCATALOG_COMPILER_GENERATE_SWIFT_ASSET_SYMBOL_EXTENSIONS = YES;
				CLANG_ANALYZER_NONNULL = YES;
				CLANG_ANALYZER_NUMBER_OBJECT_CONVERSION = YES_AGGRESSIVE;
				CLANG_CXX_LANGUAGE_STANDARD = "gnu++20";
				CLANG_ENABLE_MODULES = YES;
				CLANG_ENABLE_OBJC_ARC = YES;
				CLANG_ENABLE_OBJC_WEAK = YES;
				CLANG_WARN_BLOCK_CAPTURE_AUTORELEASING = YES;
				CLANG_WARN_BOOL_CONVERSION = YES;
				CLANG_WARN_COMMA = YES;
				CLANG_WARN_CONSTANT_CONVERSION = YES;
				CLANG_WARN_DEPRECATED_OBJC_IMPLEMENTATIONS = YES;
				CLANG_WARN_DIRECT_OBJC_ISA_USAGE = YES_ERROR;
				CLANG_WARN_DOCUMENTATION_COMMENTS = YES;
				CLANG_WARN_EMPTY_BODY = YES;
				CLANG_WARN_ENUM_CONVERSION = YES;
				CLANG_WARN_INFINITE_RECURSION = YES;
				CLANG_WARN_INT_CONVERSION = YES;
				CLANG_WARN_NON_LITERAL_NULL_CONVERSION = YES;
				CLANG_WARN_OBJC_IMPLICIT_RETAIN_SELF = YES;
				CLANG_WARN_OBJC_LITERAL_CONVERSION = YES;
				CLANG_WARN_OBJC_ROOT_CLASS = YES_ERROR;
				CLANG_WARN_QUOTED_INCLUDE_IN_FRAMEWORK_HEADER = YES;
				CLANG_WARN_RANGE_LOOP_ANALYSIS = YES;
				CLANG_WARN_STRICT_PROTOTYPES = YES;
				CLANG_WARN_SUSPICIOUS_MOVE = YES;
				CLANG_WARN_UNGUARDED_AVAILABILITY = YES_AGGRESSIVE;
				CLANG_WARN_UNREACHABLE_CODE = YES;
				CLANG_WARN__DUPLICATE_METHOD_MATCH = YES;
				COPY_PHASE_STRIP = NO;
				DEBUG_INFORMATION_FORMAT = dwarf;
				ENABLE_STRICT_OBJC_MSGSEND = YES;
				ENABLE_TESTABILITY = YES;
				ENABLE_USER_SCRIPT_SANDBOXING = YES;
				GCC_C_LANGUAGE_STANDARD = gnu17;
				GCC_DYNAMIC_NO_PIC = NO;
				GCC_NO_COMMON_BLOCKS = YES;
				GCC_OPTIMIZATION_LEVEL = 0;
				GCC_PREPROCESSOR_DEFINITIONS = (
					"DEBUG=1",
					"$(inherited)",
				);
				GCC_WARN_64_TO_32_BIT_CONVERSION = YES;
				GCC_WARN_ABOUT_RETURN_TYPE = YES_ERROR;
				GCC_WARN_UNDECLARED_SELECTOR = YES;
				GCC_WARN_UNINITIALIZED_AUTOS = YES_AGGRESSIVE;
				GCC_WARN_UNUSED_FUNCTION = YES;
				GCC_WARN_UNUSED_VARIABLE = YES;
				IPHONEOS_DEPLOYMENT_TARGET = 18.2;
				LOCALIZATION_PREFERS_STRING_CATALOGS = YES;
				MTL_ENABLE_DEBUG_INFO = INCLUDE_SOURCE;
				MTL_FAST_MATH = YES;
				ONLY_ACTIVE_ARCH = YES;
				SDKROOT = iphoneos;
				SWIFT_ACTIVE_COMPILATION_CONDITIONS = "DEBUG $(inherited)";
				SWIFT_OPTIMIZATION_LEVEL = "-Onone";
			};
			name = Debug;
		};
		26E197742DA984ED0084DBCE /* Release */ = {
			isa = XCBuildConfiguration;
			buildSettings = {
				ALWAYS_SEARCH_USER_PATHS = NO;
				ASSETCATALOG_COMPILER_GENERATE_SWIFT_ASSET_SYMBOL_EXTENSIONS = YES;
				CLANG_ANALYZER_NONNULL = YES;
				CLANG_ANALYZER_NUMBER_OBJECT_CONVERSION = YES_AGGRESSIVE;
				CLANG_CXX_LANGUAGE_STANDARD = "gnu++20";
				CLANG_ENABLE_MODULES = YES;
				CLANG_ENABLE_OBJC_ARC = YES;
				CLANG_ENABLE_OBJC_WEAK = YES;
				CLANG_WARN_BLOCK_CAPTURE_AUTORELEASING = YES;
				CLANG_WARN_BOOL_CONVERSION = YES;
				CLANG_WARN_COMMA = YES;
				CLANG_WARN_CONSTANT_CONVERSION = YES;
				CLANG_WARN_DEPRECATED_OBJC_IMPLEMENTATIONS = YES;
				CLANG_WARN_DIRECT_OBJC_ISA_USAGE = YES_ERROR;
				CLANG_WARN_DOCUMENTATION_COMMENTS = YES;
				CLANG_WARN_EMPTY_BODY = YES;
				CLANG_WARN_ENUM_CONVERSION = YES;
				CLANG_WARN_INFINITE_RECURSION = YES;
				CLANG_WARN_INT_CONVERSION = YES;
				CLANG_WARN_NON_LITERAL_NULL_CONVERSION = YES;
				CLANG_WARN_OBJC_IMPLICIT_RETAIN_SELF = YES;
				CLANG_WARN_OBJC_LITERAL_CONVERSION = YES;
				CLANG_WARN_OBJC_ROOT_CLASS = YES_ERROR;
				CLANG_WARN_QUOTED_INCLUDE_IN_FRAMEWORK_HEADER = YES;
				CLANG_WARN_RANGE_LOOP_ANALYSIS = YES;
				CLANG_WARN_STRICT_PROTOTYPES = YES;
				CLANG_WARN_SUSPICIOUS_MOVE = YES;
				CLANG_WARN_UNGUARDED_AVAILABILITY = YES_AGGRESSIVE;
				CLANG_WARN_UNREACHABLE_CODE = YES;
				CLANG_WARN__DUPLICATE_METHOD_MATCH = YES;
				COPY_PHASE_STRIP = NO;
				DEBUG_INFORMATION_FORMAT = "dwarf-with-dsym";
				ENABLE_NS_ASSERTIONS = NO;
				ENABLE_STRICT_OBJC_MSGSEND = YES;
				ENABLE_USER_SCRIPT_SANDBOXING = YES;
				GCC_C_LANGUAGE_STANDARD = gnu17;
				GCC_NO_COMMON_BLOCKS = YES;
				GCC_WARN_64_TO_32_BIT_CONVERSION = YES;
				GCC_WARN_ABOUT_RETURN_TYPE = YES_ERROR;
				GCC_WARN_UNDECLARED_SELECTOR = YES;
				GCC_WARN_UNINITIALIZED_AUTOS = YES_AGGRESSIVE;
				GCC_WARN_UNUSED_FUNCTION = YES;
				GCC_WARN_UNUSED_VARIABLE = YES;
				IPHONEOS_DEPLOYMENT_TARGET = 18.2;
				LOCALIZATION_PREFERS_STRING_CATALOGS = YES;
				MTL_ENABLE_DEBUG_INFO = NO;
				MTL_FAST_MATH = YES;
				SDKROOT = iphoneos;
				SWIFT_COMPILATION_MODE = wholemodule;
				VALIDATE_PRODUCT = YES;
			};
			name = Release;
		};
		26E197762DA984ED0084DBCE /* Debug */ = {
			isa = XCBuildConfiguration;
			buildSettings = {
				ASSETCATALOG_COMPILER_APPICON_NAME = AppIcon;
				ASSETCATALOG_COMPILER_GLOBAL_ACCENT_COLOR_NAME = AccentColor;
				CODE_SIGN_STYLE = Automatic;
				CURRENT_PROJECT_VERSION = 1;
				DEVELOPMENT_ASSET_PATHS = "\"FunctionalShopApp/Preview Content\"";
				DEVELOPMENT_TEAM = R6XNAQSMZ9;
				ENABLE_PREVIEWS = YES;
				GENERATE_INFOPLIST_FILE = YES;
				INFOPLIST_KEY_UIApplicationSceneManifest_Generation = YES;
				INFOPLIST_KEY_UIApplicationSupportsIndirectInputEvents = YES;
				INFOPLIST_KEY_UILaunchScreen_Generation = YES;
				INFOPLIST_KEY_UISupportedInterfaceOrientations_iPad = "UIInterfaceOrientationPortrait UIInterfaceOrientationPortraitUpsideDown UIInterfaceOrientationLandscapeLeft UIInterfaceOrientationLandscapeRight";
				INFOPLIST_KEY_UISupportedInterfaceOrientations_iPhone = "UIInterfaceOrientationPortrait UIInterfaceOrientationLandscapeLeft UIInterfaceOrientationLandscapeRight";
				LD_RUNPATH_SEARCH_PATHS = (
					"$(inherited)",
					"@executable_path/Frameworks",
				);
				MARKETING_VERSION = 1.0;
				PRODUCT_BUNDLE_IDENTIFIER = ge.chit.FunctionalShopApp;
				PRODUCT_NAME = "$(TARGET_NAME)";
				SWIFT_EMIT_LOC_STRINGS = YES;
				SWIFT_VERSION = 5.0;
				TARGETED_DEVICE_FAMILY = "1,2";
			};
			name = Debug;
		};
		26E197772DA984ED0084DBCE /* Release */ = {
			isa = XCBuildConfiguration;
			buildSettings = {
				ASSETCATALOG_COMPILER_APPICON_NAME = AppIcon;
				ASSETCATALOG_COMPILER_GLOBAL_ACCENT_COLOR_NAME = AccentColor;
				CODE_SIGN_STYLE = Automatic;
				CURRENT_PROJECT_VERSION = 1;
				DEVELOPMENT_ASSET_PATHS = "\"FunctionalShopApp/Preview Content\"";
				DEVELOPMENT_TEAM = R6XNAQSMZ9;
				ENABLE_PREVIEWS = YES;
				GENERATE_INFOPLIST_FILE = YES;
				INFOPLIST_KEY_UIApplicationSceneManifest_Generation = YES;
				INFOPLIST_KEY_UIApplicationSupportsIndirectInputEvents = YES;
				INFOPLIST_KEY_UILaunchScreen_Generation = YES;
				INFOPLIST_KEY_UISupportedInterfaceOrientations_iPad = "UIInterfaceOrientationPortrait UIInterfaceOrientationPortraitUpsideDown UIInterfaceOrientationLandscapeLeft UIInterfaceOrientationLandscapeRight";
				INFOPLIST_KEY_UISupportedInterfaceOrientations_iPhone = "UIInterfaceOrientationPortrait UIInterfaceOrientationLandscapeLeft UIInterfaceOrientationLandscapeRight";
				LD_RUNPATH_SEARCH_PATHS = (
					"$(inherited)",
					"@executable_path/Frameworks",
				);
				MARKETING_VERSION = 1.0;
				PRODUCT_BUNDLE_IDENTIFIER = ge.chit.FunctionalShopApp;
				PRODUCT_NAME = "$(TARGET_NAME)";
				SWIFT_EMIT_LOC_STRINGS = YES;
				SWIFT_VERSION = 5.0;
				TARGETED_DEVICE_FAMILY = "1,2";
			};
			name = Release;
		};
		26E197792DA984ED0084DBCE /* Debug */ = {
			isa = XCBuildConfiguration;
			buildSettings = {
				BUNDLE_LOADER = "$(TEST_HOST)";
				CODE_SIGN_STYLE = Automatic;
				CURRENT_PROJECT_VERSION = 1;
				DEVELOPMENT_TEAM = R6XNAQSMZ9;
				GENERATE_INFOPLIST_FILE = YES;
				IPHONEOS_DEPLOYMENT_TARGET = 18.2;
				MARKETING_VERSION = 1.0;
				PRODUCT_BUNDLE_IDENTIFIER = ge.chit.FunctionalShopAppTests;
				PRODUCT_NAME = "$(TARGET_NAME)";
				SWIFT_EMIT_LOC_STRINGS = NO;
				SWIFT_VERSION = 5.0;
				TARGETED_DEVICE_FAMILY = "1,2";
				TEST_HOST = "$(BUILT_PRODUCTS_DIR)/FunctionalShopApp.app/$(BUNDLE_EXECUTABLE_FOLDER_PATH)/FunctionalShopApp";
			};
			name = Debug;
		};
		26E1977A2DA984ED0084DBCE /* Release */ = {
			isa = XCBuildConfiguration;
			buildSettings = {
				BUNDLE_LOADER = "$(TEST_HOST)";
				CODE_SIGN_STYLE = Automatic;
				CURRENT_PROJECT_VERSION = 1;
				DEVELOPMENT_TEAM = R6XNAQSMZ9;
				GENERATE_INFOPLIST_FILE = YES;
				IPHONEOS_DEPLOYMENT_TARGET = 18.2;
				MARKETING_VERSION = 1.0;
				PRODUCT_BUNDLE_IDENTIFIER = ge.chit.FunctionalShopAppTests;
				PRODUCT_NAME = "$(TARGET_NAME)";
				SWIFT_EMIT_LOC_STRINGS = NO;
				SWIFT_VERSION = 5.0;
				TARGETED_DEVICE_FAMILY = "1,2";
				TEST_HOST = "$(BUILT_PRODUCTS_DIR)/FunctionalShopApp.app/$(BUNDLE_EXECUTABLE_FOLDER_PATH)/FunctionalShopApp";
			};
			name = Release;
		};
		26E1977C2DA984ED0084DBCE /* Debug */ = {
			isa = XCBuildConfiguration;
			buildSettings = {
				CODE_SIGN_STYLE = Automatic;
				CURRENT_PROJECT_VERSION = 1;
				DEVELOPMENT_TEAM = R6XNAQSMZ9;
				GENERATE_INFOPLIST_FILE = YES;
				MARKETING_VERSION = 1.0;
				PRODUCT_BUNDLE_IDENTIFIER = ge.chit.FunctionalShopAppUITests;
				PRODUCT_NAME = "$(TARGET_NAME)";
				SWIFT_EMIT_LOC_STRINGS = NO;
				SWIFT_VERSION = 5.0;
				TARGETED_DEVICE_FAMILY = "1,2";
				TEST_TARGET_NAME = FunctionalShopApp;
			};
			name = Debug;
		};
		26E1977D2DA984ED0084DBCE /* Release */ = {
			isa = XCBuildConfiguration;
			buildSettings = {
				CODE_SIGN_STYLE = Automatic;
				CURRENT_PROJECT_VERSION = 1;
				DEVELOPMENT_TEAM = R6XNAQSMZ9;
				GENERATE_INFOPLIST_FILE = YES;
				MARKETING_VERSION = 1.0;
				PRODUCT_BUNDLE_IDENTIFIER = ge.chit.FunctionalShopAppUITests;
				PRODUCT_NAME = "$(TARGET_NAME)";
				SWIFT_EMIT_LOC_STRINGS = NO;
				SWIFT_VERSION = 5.0;
				TARGETED_DEVICE_FAMILY = "1,2";
				TEST_TARGET_NAME = FunctionalShopApp;
			};
			name = Release;
		};
/* End XCBuildConfiguration section */

/* Begin XCConfigurationList section */
		26E1974C2DA984EA0084DBCE /* Build configuration list for PBXProject "FunctionalShopApp" */ = {
			isa = XCConfigurationList;
			buildConfigurations = (
				26E197732DA984ED0084DBCE /* Debug */,
				26E197742DA984ED0084DBCE /* Release */,
			);
			defaultConfigurationIsVisible = 0;
			defaultConfigurationName = Release;
		};
		26E197752DA984ED0084DBCE /* Build configuration list for PBXNativeTarget "FunctionalShopApp" */ = {
			isa = XCConfigurationList;
			buildConfigurations = (
				26E197762DA984ED0084DBCE /* Debug */,
				26E197772DA984ED0084DBCE /* Release */,
			);
			defaultConfigurationIsVisible = 0;
			defaultConfigurationName = Release;
		};
		26E197782DA984ED0084DBCE /* Build configuration list for PBXNativeTarget "FunctionalShopAppTests" */ = {
			isa = XCConfigurationList;
			buildConfigurations = (
				26E197792DA984ED0084DBCE /* Debug */,
				26E1977A2DA984ED0084DBCE /* Release */,
			);
			defaultConfigurationIsVisible = 0;
			defaultConfigurationName = Release;
		};
		26E1977B2DA984ED0084DBCE /* Build configuration list for PBXNativeTarget "FunctionalShopAppUITests" */ = {
			isa = XCConfigurationList;
			buildConfigurations = (
				26E1977C2DA984ED0084DBCE /* Debug */,
				26E1977D2DA984ED0084DBCE /* Release */,
			);
			defaultConfigurationIsVisible = 0;
			defaultConfigurationName = Release;
		};
/* End XCConfigurationList section */
	};
	rootObject = 26E197492DA984EA0084DBCE /* Project object */;
}
